{
  "nodes": {
    "ayugram-desktop": {
      "inputs": {
        "nixpkgs": [
          "nixpkgs"
        ],
        "tg_owt": "tg_owt"
      },
      "locked": {
        "lastModified": 1789925593,
        "narHash": "sha256-Ze3owEgBWIlyoQbH5wzIhb2AV18PeJp0ZKT2pEhXGrE=",
        "owner": "ndfined-crp",
        "repo": "ayugram-desktop",
        "rev": "d45c071c40a539bd7b4d421cf76c86d6e7bc0ef7",
        "type": "github"
      },
      "original": {
        "owner": "ndfined-crp",
        "repo": "ayugram-desktop",
        "type": "github"
      }
    },
    "home-manager": {
      "inputs": {
        "nixpkgs": [
          "nixpkgs"
        ]
      },
      "locked": {
        "lastModified": 1790110821,
        "narHash": "sha256-4vgPxAtYGryB/9SZVFMrcRKmNcOqcN3+MwRJPTVpb1o=",
        "owner": "nix-community",
        "repo": "home-manager",
        "rev": "a5768f1a46942657352e58037b7891bdcbc0741f",
        "type": "github"
      },
      "original": {
        "owner": "nix-community",
        "repo": "home-manager",
        "type": "github"
      }
    },
    "nixpkgs": {
      "locked": {
        "lastModified": 1790046670,
        "narHash": "sha256-MYiI+CzL0tuWgRPjGsKCDHqYs2T3OzMlMQWOYWG0qso=",
        "owner": "nixos",
        "repo": "nixpkgs",
        "rev": "6774f7bc253789b113a4f39285dc0fa100abeacc",
        "type": "github"
      },
      "original": {
        "owner": "nixos",
        "ref": "nixos-unstable",
        "repo": "nixpkgs",
        "type": "github"
      }
    },
    "root": {
      "inputs": {
        "ayugram-desktop": "ayugram-desktop",
        "home-manager": "home-manager",
        "nixpkgs": "nixpkgs"
      }
    },
    "tg_owt": {
      "inputs": {
        "nixpkgs": [
          "ayugram-desktop",
          "nixpkgs"
        ]
      },
      "locked": {
        "lastModified": 1789271733,
        "narHash": "sha256-RFKIHBPSaoh51FtLduUhiVebir25kyUbq+LAGPmPK2E=",
        "owner": "ndfined-crp",
        "repo": "tg_owt",
        "rev": "f076391dc4cdd0e45026c3e1bba239369ee571a4",
        "type": "github"
      },
      "original": {
        "owner": "ndfined-crp",
        "repo": "tg_owt",
        "type": "github"
      }
    }
  },
  "root": "root",
  "version": 7
}
